
Microsoft Visual Studio Solution File, Format Version 12.00
# Visual Studio Version 17
VisualStudioVersion = 17.0.31903.59
MinimumVisualStudioVersion = 10.0.40219.1
Project("{2150E333-8FDC-42A3-9474-1A3956D46DE8}") = "src", "src", "{827E0CD3-B72D-47B6-A68D-7590B98EB39B}"
EndProject
Project("{2150E333-8FDC-42A3-9474-1A3956D46DE8}") = "lib", "lib", "{60F8C46A-F32D-BE63-A7A0-43DD10EE6710}"
EndProject
Project("{FAE04EC0-301F-11D3-BF4B-00C04F79EFBC}") = "SumerUI", "src\lib\SumerUI.csproj", "{E6C31173-E673-4AE1-A341-5ECC5018F298}"
EndProject
Project("{2150E333-8FDC-42A3-9474-1A3956D46DE8}") = "examples", "examples", "{B36A84DF-456D-A817-6EDD-3EC3E7F6E11F}"
EndProject
Project("{2150E333-8FDC-42A3-9474-1A3956D46DE8}") = "basic", "basic", "{74AFD0DF-59A4-5837-EAC8-F28344DB01BD}"
EndProject
Project("{FAE04EC0-301F-11D3-BF4B-00C04F79EFBC}") = "SumerUI.Example", "examples\basic\SumerUI.Example.csproj", "{0FE09C06-48E9-48CE-9868-C1BDDCE5167F}"
EndProject
Project("{2150E333-8FDC-42A3-9474-1A3956D46DE8}") = "renderers", "renderers", "{01DB20D2-34B9-4B82-3125-B2AB5F157EBE}"
EndProject
Project("{FAE04EC0-301F-11D3-BF4B-00C04F79EFBC}") = "SumerUI.Renderers", "src\renderers\SumerUI.Renderers.csproj", "{86B257B1-D364-4C8D-9F90-16F4D567AC34}"
EndProject
Project("{2150E333-8FDC-42A3-9474-1A3956D46DE8}") = "generators", "generators", "{C698E06C-1649-8066-6D27-72E3631D092E}"
EndProject
Project("{FAE04EC0-301F-11D3-BF4B-00C04F79EFBC}") = "SumerUI.Generators", "src\generators\SumerUI.Generators.csproj", "{C625155A-E051-4659-9051-54AF46FD738B}"
EndProject
Project("{2150E333-8FDC-42A3-9474-1A3956D46DE8}") = "basic-generator", "basic-generator", "{FBDDFE92-8607-82CA-B0F7-6D573C5799A1}"
EndProject
Project("{FAE04EC0-301F-11D3-BF4B-00C04F79EFBC}") = "SumerUI.BasicGeneratorEample", "examples\basic-generator\SumerUI.BasicGeneratorEample.csproj", "{C758E329-96E3-40E8-8668-00910041116E}"
EndProject
Project("{2150E333-8FDC-42A3-9474-1A3956D46DE8}") = "tests", "tests", "{0AB3BF05-4346-4AA6-1389-037BE0695223}"
EndProject
Project("{FAE04EC0-301F-11D3-BF4B-00C04F79EFBC}") = "SumerUI.Tests", "tests\SumerUI.Tests\SumerUI.Tests.csproj", "{78FB6B0C-F35E-4C2E-81B1-3D2375F556DB}"
EndProject
Global
	GlobalSection(SolutionConfigurationPlatforms) = preSolution
		Debug|Any CPU = Debug|Any CPU
		Debug|x64 = Debug|x64
		Debug|x86 = Debug|x86
		Release|Any CPU = Release|Any CPU
		Release|x64 = Release|x64
		Release|x86 = Release|x86
	EndGlobalSection
	GlobalSection(ProjectConfigurationPlatforms) = postSolution
		{E6C31173-E673-4AE1-A341-5ECC5018F298}.Debug|Any CPU.ActiveCfg = Debug|Any CPU
		{E6C31173-E673-4AE1-A341-5ECC5018F298}.Debug|Any CPU.Build.0 = Debug|Any CPU
		{E6C31173-E673-4AE1-A341-5ECC5018F298}.Debug|x64.ActiveCfg = Debug|Any CPU
		{E6C31173-E673-4AE1-A341-5ECC5018F298}.Debug|x64.Build.0 = Debug|Any CPU
		{E6C31173-E673-4AE1-A341-5ECC5018F298}.Debug|x86.ActiveCfg = Debug|Any CPU
		{E6C31173-E673-4AE1-A341-5ECC5018F298}.Debug|x86.Build.0 = Debug|Any CPU
		{E6C31173-E673-4AE1-A341-5ECC5018F298}.Release|Any CPU.ActiveCfg = Release|Any CPU
		{E6C31173-E673-4AE1-A341-5ECC5018F298}.Release|Any CPU.Build.0 = Release|Any CPU
		{E6C31173-E673-4AE1-A341-5ECC5018F298}.Release|x64.ActiveCfg = Release|Any CPU
		{E6C31173-E673-4AE1-A341-5ECC5018F298}.Release|x64.Build.0 = Release|Any CPU
		{E6C31173-E673-4AE1-A341-5ECC5018F298}.Release|x86.ActiveCfg = Release|Any CPU
		{E6C31173-E673-4AE1-A341-5ECC5018F298}.Release|x86.Build.0 = Release|Any CPU
		{0FE09C06-48E9-48CE-9868-C1BDDCE5167F}.Debug|Any CPU.ActiveCfg = Debug|Any CPU
		{0FE09C06-48E9-48CE-9868-C1BDDCE5167F}.Debug|Any CPU.Build.0 = Debug|Any CPU
		{0FE09C06-48E9-48CE-9868-C1BDDCE5167F}.Debug|x64.ActiveCfg = Debug|Any CPU
		{0FE09C06-48E9-48CE-9868-C1BDDCE5167F}.Debug|x64.Build.0 = Debug|Any CPU
		{0FE09C06-48E9-48CE-9868-C1BDDCE5167F}.Debug|x86.ActiveCfg = Debug|Any CPU
		{0FE09C06-48E9-48CE-9868-C1BDDCE5167F}.Debug|x86.Build.0 = Debug|Any CPU
		{0FE09C06-48E9-48CE-9868-C1BDDCE5167F}.Release|Any CPU.ActiveCfg = Release|Any CPU
		{0FE09C06-48E9-48CE-9868-C1BDDCE5167F}.Release|Any CPU.Build.0 = Release|Any CPU
		{0FE09C06-48E9-48CE-9868-C1BDDCE5167F}.Release|x64.ActiveCfg = Release|Any CPU
		{0FE09C06-48E9-48CE-9868-C1BDDCE5167F}.Release|x64.Build.0 = Release|Any CPU
		{0FE09C06-48E9-48CE-9868-C1BDDCE5167F}.Release|x86.ActiveCfg = Release|Any CPU
		{0FE09C06-48E9-48CE-9868-C1BDDCE5167F}.Release|x86.Build.0 = Release|Any CPU
		{86B257B1-D364-4C8D-9F90-16F4D567AC34}.Debug|Any CPU.ActiveCfg = Debug|Any CPU
		{86B257B1-D364-4C8D-9F90-16F4D567AC34}.Debug|Any CPU.Build.0 = Debug|Any CPU
		{86B257B1-D364-4C8D-9F90-16F4D567AC34}.Debug|x64.ActiveCfg = Debug|Any CPU
		{86B257B1-D364-4C8D-9F90-16F4D567AC34}.Debug|x64.Build.0 = Debug|Any CPU
		{86B257B1-D364-4C8D-9F90-16F4D567AC34}.Debug|x86.ActiveCfg = Debug|Any CPU
		{86B257B1-D364-4C8D-9F90-16F4D567AC34}.Debug|x86.Build.0 = Debug|Any CPU
		{86B257B1-D364-4C8D-9F90-16F4D567AC34}.Release|Any CPU.ActiveCfg = Release|Any CPU
		{86B257B1-D364-4C8D-9F90-16F4D567AC34}.Release|Any CPU.Build.0 = Release|Any CPU
		{86B257B1-D364-4C8D-9F90-16F4D567AC34}.Release|x64.ActiveCfg = Release|Any CPU
		{86B257B1-D364-4C8D-9F90-16F4D567AC34}.Release|x64.Build.0 = Release|Any CPU
		{86B257B1-D364-4C8D-9F90-16F4D567AC34}.Release|x86.ActiveCfg = Release|Any CPU
		{86B257B1-D364-4C8D-9F90-16F4D567AC34}.Release|x86.Build.0 = Release|Any CPU
		{C625155A-E051-4659-9051-54AF46FD738B}.Debug|Any CPU.ActiveCfg = Debug|Any CPU
		{C625155A-E051-4659-9051-54AF46FD738B}.Debug|Any CPU.Build.0 = Debug|Any CPU
		{C625155A-E051-4659-9051-54AF46FD738B}.Debug|x64.ActiveCfg = Debug|Any CPU
		{C625155A-E051-4659-9051-54AF46FD738B}.Debug|x64.Build.0 = Debug|Any CPU
		{C625155A-E051-4659-9051-54AF46FD738B}.Debug|x86.ActiveCfg = Debug|Any CPU
		{C625155A-E051-4659-9051-54AF46FD738B}.Debug|x86.Build.0 = Debug|Any CPU
		{C625155A-E051-4659-9051-54AF46FD738B}.Release|Any CPU.ActiveCfg = Release|Any CPU
		{C625155A-E051-4659-9051-54AF46FD738B}.Release|Any CPU.Build.0 = Release|Any CPU
		{C625155A-E051-4659-9051-54AF46FD738B}.Release|x64.ActiveCfg = Release|Any CPU
		{C625155A-E051-4659-9051-54AF46FD738B}.Release|x64.Build.0 = Release|Any CPU
		{C625155A-E051-4659-9051-54AF46FD738B}.Release|x86.ActiveCfg = Release|Any CPU
		{C625155A-E051-4659-9051-54AF46FD738B}.Release|x86.Build.0 = Release|Any CPU
		{C758E329-96E3-40E8-8668-00910041116E}.Debug|Any CPU.ActiveCfg = Debug|Any CPU
		{C758E329-96E3-40E8-8668-00910041116E}.Debug|Any CPU.Build.0 = Debug|Any CPU
		{C758E329-96E3-40E8-8668-00910041116E}.Debug|x64.ActiveCfg = Debug|Any CPU
		{C758E329-96E3-40E8-8668-00910041116E}.Debug|x64.Build.0 = Debug|Any CPU
		{C758E329-96E3-40E8-8668-00910041116E}.Debug|x86.ActiveCfg = Debug|Any CPU
		{C758E329-96E3-40E8-8668-00910041116E}.Debug|x86.Build.0 = Debug|Any CPU
		{C758E329-96E3-40E8-8668-00910041116E}.Release|Any CPU.ActiveCfg = Release|Any CPU
		{C758E329-96E3-40E8-8668-00910041116E}.Release|Any CPU.Build.0 = Release|Any CPU
		{C758E329-96E3-40E8-8668-00910041116E}.Release|x64.ActiveCfg = Release|Any CPU
		{C758E329-96E3-40E8-8668-00910041116E}.Release|x64.Build.0 = Release|Any CPU
		{C758E329-96E3-40E8-8668-00910041116E}.Release|x86.ActiveCfg = Release|Any CPU
		{C758E329-96E3-40E8-8668-00910041116E}.Release|x86.Build.0 = Release|Any CPU
		{78FB6B0C-F35E-4C2E-81B1-3D2375F556DB}.Debug|Any CPU.ActiveCfg = Debug|Any CPU
		{78FB6B0C-F35E-4C2E-81B1-3D2375F556DB}.Debug|Any CPU.Build.0 = Debug|Any CPU
		{78FB6B0C-F35E-4C2E-81B1-3D2375F556DB}.Debug|x64.ActiveCfg = Debug|Any CPU
		{78FB6B0C-F35E-4C2E-81B1-3D2375F556DB}.Debug|x64.Build.0 = Debug|Any CPU
		{78FB6B0C-F35E-4C2E-81B1-3D2375F556DB}.Debug|x86.ActiveCfg = Debug|Any CPU
		{78FB6B0C-F35E-4C2E-81B1-3D2375F556DB}.Debug|x86.Build.0 = Debug|Any CPU
		{78FB6B0C-F35E-4C2E-81B1-3D2375F556DB}.Release|Any CPU.ActiveCfg = Release|Any CPU
		{78FB6B0C-F35E-4C2E-81B1-3D2375F556DB}.Release|Any CPU.Build.0 = Release|Any CPU
		{78FB6B0C-F35E-4C2E-81B1-3D2375F556DB}.Release|x64.ActiveCfg = Release|Any CPU
		{78FB6B0C-F35E-4C2E-81B1-3D2375F556DB}.Release|x64.Build.0 = Release|Any CPU
		{78FB6B0C-F35E-4C2E-81B1-3D2375F556DB}.Release|x86.ActiveCfg = Release|Any CPU
		{78FB6B0C-F35E-4C2E-81B1-3D2375F556DB}.Release|x86.Build.0 = Release|Any CPU
	EndGlobalSection
	GlobalSection(SolutionProperties) = preSolution
		HideSolutionNode = FALSE
	EndGlobalSection
	GlobalSection(NestedProjects) = preSolution
		{60F8C46A-F32D-BE63-A7A0-43DD10EE6710} = {827E0CD3-B72D-47B6-A68D-7590B98EB39B}
		{E6C31173-E673-4AE1-A341-5ECC5018F298} = {60F8C46A-F32D-BE63-A7A0-43DD10EE6710}
		{74AFD0DF-59A4-5837-EAC8-F28344DB01BD} = {B36A84DF-456D-A817-6EDD-3EC3E7F6E11F}
		{0FE09C06-48E9-48CE-9868-C1BDDCE5167F} = {74AFD0DF-59A4-5837-EAC8-F28344DB01BD}
		{01DB20D2-34B9-4B82-3125-B2AB5F157EBE} = {827E0CD3-B72D-47B6-A68D-7590B98EB39B}
		{86B257B1-D364-4C8D-9F90-16F4D567AC34} = {01DB20D2-34B9-4B82-3125-B2AB5F157EBE}
		{C698E06C-1649-8066-6D27-72E3631D092E} = {827E0CD3-B72D-47B6-A68D-7590B98EB39B}
		{C625155A-E051-4659-9051-54AF46FD738B} = {C698E06C-1649-8066-6D27-72E3631D092E}
		{FBDDFE92-8607-82CA-B0F7-6D573C5799A1} = {B36A84DF-456D-A817-6EDD-3EC3E7F6E11F}
		{C758E329-96E3-40E8-8668-00910041116E} = {FBDDFE92-8607-82CA-B0F7-6D573C5799A1}
		{78FB6B0C-F35E-4C2E-81B1-3D2375F556DB} = {0AB3BF05-4346-4AA6-1389-037BE0695223}
	EndGlobalSection
EndGlobal
